// !$*UTF8*$!
{
	archiveVersion = 1;
	classes = {
	};
	objectVersion = 46;
	objects = {

/* Begin PBXBuildFile section */
		09F0AB551CF9470E005F17D2 /* main.m in Sources */ = {isa = PBXBuildFile; fileRef = 09F0AB541CF9470E005F17D2 /* main.m */; };
		09F0AB581CF9470E005F17D2 /* AppDelegate.m in Sources */ = {isa = PBXBuildFile; fileRef = 09F0AB571CF9470E005F17D2 /* AppDelegate.m */; };
		09F0AB5B1CF9470E005F17D2 /* ViewController.m in Sources */ = {isa = PBXBuildFile; fileRef = 09F0AB5A1CF9470E005F17D2 /* ViewController.m */; };
		09F0AB5E1CF9470E005F17D2 /* Main.storyboard in Resources */ = {isa = PBXBuildFile; fileRef = 09F0AB5C1CF9470E005F17D2 /* Main.storyboard */; };
		09F0AB601CF9470E005F17D2 /* Assets.xcassets in Resources */ = {isa = PBXBuildFile; fileRef = 09F0AB5F1CF9470E005F17D2 /* Assets.xcassets */; };
		09F0AB631CF9470E005F17D2 /* LaunchScreen.storyboard in Resources */ = {isa = PBXBuildFile; fileRef = 09F0AB611CF9470E005F17D2 /* LaunchScreen.storyboard */; };
/* End PBXBuildFile section */

/* Begin PBXFileReference section */
		09F0AB501CF9470E005F17D2 /* Fuzhou.app */ = {isa = PBXFileReference; explicitFileType = wrapper.application; includeInIndex = 0; path = Fuzhou.app; sourceTree = BUILT_PRODUCTS_DIR; };
		09F0AB541CF9470E005F17D2 /* main.m */ = {isa = PBXFileReference; lastKnownFileType = sourcecode.c.objc; path = main.m; sourceTree = "<group>"; };
		09F0AB561CF9470E005F17D2 /* AppDelegate.h */ = {isa = PBXFileReference; lastKnownFileType = sourcecode.c.h; path = AppDelegate.h; sourceTree = "<group>"; };
		09F0AB571CF9470E005F17D2 /* AppDelegate.m */ = {isa = PBXFileReference; lastKnownFileType = sourcecode.c.objc; path = AppDelegate.m; sourceTree = "<group>"; };
		09F0AB591CF9470E005F17D2 /* ViewController.h */ = {isa = PBXFileReference; lastKnownFileType = sourcecode.c.h; path = ViewController.h; sourceTree = "<group>"; };
		09F0AB5A1CF9470E005F17D2 /* ViewController.m */ = {isa = PBXFileReference; lastKnownFileType = sourcecode.c.objc; path = ViewController.m; sourceTree = "<group>"; };
		09F0AB5D1CF9470E005F17D2 /* Base */ = {isa = PBXFileReference; lastKnownFileType = file.storyboard; name = Base; path = Base.lproj/Main.storyboard; sourceTree = "<group>"; };
		09F0AB5F1CF9470E005F17D2 /* Assets.xcassets */ = {isa = PBXFileReference; lastKnownFileType = folder.assetcatalog; path = Assets.xcassets; sourceTree = "<group>"; };
		09F0AB621CF9470E005F17D2 /* Base */ = {isa = PBXFileReference; lastKnownFileType = file.storyboard; name = Base; path = Base.lproj/LaunchScreen.storyboard; sourceTree = "<group>"; };
		09F0AB641CF9470E005F17D2 /* Info.plist */ = {isa = PBXFileReference; lastKnownFileType = text.plist.xml; path = Info.plist; sourceTree = "<group>"; };
/* End PBXFileReference section */

/* Begin PBXFrameworksBuildPhase section */
		09F0AB4D1CF9470E005F17D2 /* Frameworks */ = {
			isa = PBXFrameworksBuildPhase;
			buildActionMask = 2147483647;
			files = (
			);
			runOnlyForDeploymentPostprocessing = 0;
		};
/* End PBXFrameworksBuildPhase section */

/* Begin PBXGroup section */
		09F0AB471CF9470E005F17D2 = {
			isa = PBXGroup;
			children = (
				09F0AB521CF9470E005F17D2 /* Fuzhou */,
				09F0AB511CF9470E005F17D2 /* Products */,
			);
			sourceTree = "<group>";
		};
		09F0AB511CF9470E005F17D2 /* Products */ = {
			isa = PBXGroup;
			children = (
				09F0AB501CF9470E005F17D2 /* Fuzhou.app */,
			);
			name = Products;
			sourceTree = "<group>";
		};
		09F0AB521CF9470E005F17D2 /* Fuzhou */ = {
			isa = PBXGroup;
			children = (
				09F0AB561CF9470E005F17D2 /* AppDelegate.h */,
				09F0AB571CF9470E005F17D2 /* AppDelegate.m */,
				09F0AB591CF9470E005F17D2 /* ViewController.h */,
				09F0AB5A1CF9470E005F17D2 /* ViewController.m */,
				09F0AB5C1CF9470E005F17D2 /* Main.storyboard */,
				09F0AB5F1CF9470E005F17D2 /* Assets.xcassets */,
				09F0AB611CF9470E005F17D2 /* LaunchScreen.storyboard */,
				09F0AB641CF9470E005F17D2 /* Info.plist */,
				09F0AB531CF9470E005F17D2 /* Supporting Files */,
			);
			path = Fuzhou;
			sourceTree = "<group>";
		};
		09F0AB531CF9470E005F17D2 /* Supporting Files */ = {
			isa = PBXGroup;
			children = (
				09F0AB541CF9470E005F17D2 /* main.m */,
			);
			name = "Supporting Files";
			sourceTree = "<group>";
		};
/* End PBXGroup section */

/* Begin PBXNativeTarget section */
		09F0AB4F1CF9470E005F17D2 /* Fuzhou */ = {
			isa = PBXNativeTarget;
			buildConfigurationList = 09F0AB671CF9470E005F17D2 /* Build configuration list for PBXNativeTarget "Fuzhou" */;
			buildPhases = (
				09F0AB4C1CF9470E005F17D2 /* Sources */,
				09F0AB4D1CF9470E005F17D2 /* Frameworks */,
				09F0AB4E1CF9470E005F17D2 /* Resources */,
			);
			buildRules = (
			);
			dependencies = (
			);
			name = Fuzhou;
			productName = Fuzhou;
			productReference = 09F0AB501CF9470E005F17D2 /* Fuzhou.app */;
			productType = "com.apple.product-type.application";
		};
/* End PBXNativeTarget section */

/* Begin PBXProject section */
		09F0AB481CF9470E005F17D2 /* Project object */ = {
			isa = PBXProject;
			attributes = {
				LastUpgradeCheck = 0730;
				ORGANIZATIONNAME = "韩江鹏";
				TargetAttributes = {
					09F0AB4F1CF9470E005F17D2 = {
						CreatedOnToolsVersion = 7.3.1;
						DevelopmentTeam = J4KEKLY5E6;
					};
				};
			};
			buildConfigurationList = 09F0AB4B1CF9470E005F17D2 /* Build configuration list for PBXProject "Fuzhou" */;
			compatibilityVersion = "Xcode 3.2";
			developmentRegion = English;
			hasScannedForEncodings = 0;
			knownRegions = (
				en,
				Base,
			);
			mainGroup = 09F0AB471CF9470E005F17D2;
			productRefGroup = 09F0AB511CF9470E005F17D2 /* Products */;
			projectDirPath = "";
			projectRoot = "";
			targets = (
				09F0AB4F1CF9470E005F17D2 /* Fuzhou */,
			);
		};
/* End PBXProject section */

/* Begin PBXResourcesBuildPhase section */
		09F0AB4E1CF9470E005F17D2 /* Resources */ = {
			isa = PBXResourcesBuildPhase;
			buildActionMask = 2147483647;
			files = (
				09F0AB631CF9470E005F17D2 /* LaunchScreen.storyboard in Resources */,
				09F0AB601CF9470E005F17D2 /* Assets.xcassets in Resources */,
				09F0AB5E1CF9470E005F17D2 /* Main.storyboard in Resources */,
			);
			runOnlyForDeploymentPostprocessing = 0;
		};
/* End PBXResourcesBuildPhase section */

/* Begin PBXSourcesBuildPhase section */
		09F0AB4C1CF9470E005F17D2 /* Sources */ = {
			isa = PBXSourcesBuildPhase;
			buildActionMask = 2147483647;
			files = (
				09F0AB5B1CF9470E005F17D2 /* ViewController.m in Sources */,
				09F0AB581CF9470E005F17D2 /* AppDelegate.m in Sources */,
				09F0AB551CF9470E005F17D2 /* main.m in Sources */,
			);
			runOnlyForDeploymentPostprocessing = 0;
		};
/* End PBXSourcesBuildPhase section */

/* Begin PBXVariantGroup section */
		09F0AB5C1CF9470E005F17D2 /* Main.storyboard */ = {
			isa = PBXVariantGroup;
			children = (
				09F0AB5D1CF9470E005F17D2 /* Base */,
			);
			name = Main.storyboard;
			sourceTree = "<group>";
		};
		09F0AB611CF9470E005F17D2 /* LaunchScreen.storyboard */ = {
			isa = PBXVariantGroup;
			children = (
				09F0AB621CF9470E005F17D2 /* Base */,
			);
			name = LaunchScreen.storyboard;
			sourceTree = "<group>";
		};
/* End PBXVariantGroup section */

/* Begin XCBuildConfiguration section */
		09F0AB651CF9470E005F17D2 /* Debug */ = {
			isa = XCBuildConfiguration;
			buildSettings = {
				ALWAYS_SEARCH_USER_PATHS = NO;
				CLANG_ANALYZER_NONNULL = YES;
				CLANG_CXX_LANGUAGE_STANDARD = "gnu++0x";
				CLANG_CXX_LIBRARY = "libc++";
				CLANG_ENABLE_MODULES = YES;
				CLANG_ENABLE_OBJC_ARC = YES;
				CLANG_WARN_BOOL_CONVERSION = YES;
				CLANG_WARN_CONSTANT_CONVERSION = YES;
				CLANG_WARN_DIRECT_OBJC_ISA_USAGE = YES_ERROR;
				CLANG_WARN_EMPTY_BODY = YES;
				CLANG_WARN_ENUM_CONVERSION = YES;
				CLANG_WARN_INT_CONVERSION = YES;
				CLANG_WARN_OBJC_ROOT_CLASS = YES_ERROR;
				CLANG_WARN_UNREACHABLE_CODE = YES;
				CLANG_WARN__DUPLICATE_METHOD_MATCH = YES;
				"CODE_SIGN_IDENTITY[sdk=iphoneos*]" = "iPhone Developer";
				COPY_PHASE_STRIP = NO;
				DEBUG_INFORMATION_FORMAT = dwarf;
				ENABLE_STRICT_OBJC_MSGSEND = YES;
				ENABLE_TESTABILITY = YES;
				GCC_C_LANGUAGE_STANDARD = gnu99;
				GCC_DYNAMIC_NO_PIC = NO;
				GCC_NO_COMMON_BLOCKS = YES;
				GCC_OPTIMIZATION_LEVEL = 0;
				GCC_PREPROCESSOR_DEFINITIONS = (
					"DEBUG=1",
					"$(inherited)",
				);
				GCC_WARN_64_TO_32_BIT_CONVERSION = YES;
				GCC_WARN_ABOUT_RETURN_TYPE = YES_ERROR;
				GCC_WARN_UNDECLARED_SELECTOR = YES;
				GCC_WARN_UNINITIALIZED_AUTOS = YES_AGGRESSIVE;
				GCC_WARN_UNUSED_FUNCTION = YES;
				GCC_WARN_UNUSED_VARIABLE = YES;
				IPHONEOS_DEPLOYMENT_TARGET = 9.3;
				MTL_ENABLE_DEBUG_INFO = YES;
				ONLY_ACTIVE_ARCH = YES;
				SDKROOT = iphoneos;
			};
			name = Debug;
		};
		09F0AB661CF9470E005F17D2 /* Release */ = {
			isa = XCBuildConfiguration;
			buildSettings = {
				ALWAYS_SEARCH_USER_PATHS = NO;
				CLANG_ANALYZER_NONNULL = YES;
				CLANG_CXX_LANGUAGE_STANDARD = "gnu++0x";
				CLANG_CXX_LIBRARY = "libc++";
				CLANG_ENABLE_MODULES = YES;
				CLANG_ENABLE_OBJC_ARC = YES;
				CLANG_WARN_BOOL_CONVERSION = YES;
				CLANG_WARN_CONSTANT_CONVERSION = YES;
				CLANG_WARN_DIRECT_OBJC_ISA_USAGE = YES_ERROR;
				CLANG_WARN_EMPTY_BODY = YES;
				CLANG_WARN_ENUM_CONVERSION = YES;
				CLANG_WARN_INT_CONVERSION = YES;
				CLANG_WARN_OBJC_ROOT_CLASS = YES_ERROR;
				CLANG_WARN_UNREACHABLE_CODE = YES;
				CLANG_WARN__DUPLICATE_METHOD_MATCH = YES;
				"CODE_SIGN_IDENTITY[sdk=iphoneos*]" = "iPhone Developer";
				COPY_PHASE_STRIP = NO;
				DEBUG_INFORMATION_FORMAT = "dwarf-with-dsym";
				ENABLE_NS_ASSERTIONS = NO;
				ENABLE_STRICT_OBJC_MSGSEND = YES;
				GCC_C_LANGUAGE_STANDARD = gnu99;
				GCC_NO_COMMON_BLOCKS = YES;
				GCC_WARN_64_TO_32_BIT_CONVERSION = YES;
				GCC_WARN_ABOUT_RETURN_TYPE = YES_ERROR;
				GCC_WARN_UNDECLARED_SELECTOR = YES;
				GCC_WARN_UNINITIALIZED_AUTOS = YES_AGGRESSIVE;
				GCC_WARN_UNUSED_FUNCTION = YES;
				GCC_WARN_UNUSED_VARIABLE = YES;
				IPHONEOS_DEPLOYMENT_TARGET = 9.3;
				MTL_ENABLE_DEBUG_INFO = NO;
				SDKROOT = iphoneos;
				VALIDATE_PRODUCT = YES;
			};
			name = Release;
		};
		09F0AB681CF9470E005F17D2 /* Debug */ = {
			isa = XCBuildConfiguration;
			buildSettings = {
				ASSETCATALOG_COMPILER_APPICON_NAME = AppIcon;
				INFOPLIST_FILE = Fuzhou/Info.plist;
				LD_RUNPATH_SEARCH_PATHS = "$(inherited) @executable_path/Frameworks";
				PRODUCT_BUNDLE_IDENTIFIER = com.j.Fuzhou;
				PRODUCT_NAME = "$(TARGET_NAME)";
			};
			name = Debug;
		};
		09F0AB691CF9470E005F17D2 /* Release */ = {
			isa = XCBuildConfiguration;
			buildSettings = {
				ASSETCATALOG_COMPILER_APPICON_NAME = AppIcon;
				INFOPLIST_FILE = Fuzhou/Info.plist;
				LD_RUNPATH_SEARCH_PATHS = "$(inherited) @executable_path/Frameworks";
				PRODUCT_BUNDLE_IDENTIFIER = com.j.Fuzhou;
				PRODUCT_NAME = "$(TARGET_NAME)";
			};
			name = Release;
		};
/* End XCBuildConfiguration section */

/* Begin XCConfigurationList section */
		09F0AB4B1CF9470E005F17D2 /* Build configuration list for PBXProject "Fuzhou" */ = {
			isa = XCConfigurationList;
			buildConfigurations = (
				09F0AB651CF9470E005F17D2 /* Debug */,
				09F0AB661CF9470E005F17D2 /* Release */,
			);
			defaultConfigurationIsVisible = 0;
			defaultConfigurationName = Release;
		};
		09F0AB671CF9470E005F17D2 /* Build configuration list for PBXNativeTarget "Fuzhou" */ = {
			isa = XCConfigurationList;
			buildConfigurations = (
				09F0AB681CF9470E005F17D2 /* Debug */,
				09F0AB691CF9470E005F17D2 /* Release */,
			);
			defaultConfigurationIsVisible = 0;
		};
/* End XCConfigurationList section */
	};
	rootObject = 09F0AB481CF9470E005F17D2 /* Project object */;
}
