// !$*UTF8*$!
{
	archiveVersion = 1;
	classes = {
	};
	objectVersion = 46;
	objects = {

/* Begin PBXBuildFile section */
		0915217C1D17BCD800D58AC6 /* View.xib in Resources */ = {isa = PBXBuildFile; fileRef = 0915217B1D17BCD800D58AC6 /* View.xib */; };
		091554941D097A9C00C793AE /* LoginViewController.m in Sources */ = {isa = PBXBuildFile; fileRef = 091554931D097A9C00C793AE /* LoginViewController.m */; };
		092235851D12A32800272D80 /* LHEditTextView.m in Sources */ = {isa = PBXBuildFile; fileRef = 092235821D12A32800272D80 /* LHEditTextView.m */; };
		092235861D12A32800272D80 /* LHTopTextView.m in Sources */ = {isa = PBXBuildFile; fileRef = 092235841D12A32800272D80 /* LHTopTextView.m */; };
		0922C4991D0B2796000B58BF /* UserTableViewController.m in Sources */ = {isa = PBXBuildFile; fileRef = 0922C4981D0B2796000B58BF /* UserTableViewController.m */; };
		0931BEC81CFAC1F5006F0093 /* DayTableViewController.m in Sources */ = {isa = PBXBuildFile; fileRef = 0931BEC71CFAC1F5006F0093 /* DayTableViewController.m */; };
		0931BECC1CFACCF1006F0093 /* SearchCell.xib in Resources */ = {isa = PBXBuildFile; fileRef = 0931BEC91CFACCF1006F0093 /* SearchCell.xib */; };
		0931BECD1CFACCF1006F0093 /* SearchCellTableViewCell.m in Sources */ = {isa = PBXBuildFile; fileRef = 0931BECB1CFACCF1006F0093 /* SearchCellTableViewCell.m */; };
		0931BEDC1CFAD35A006F0093 /* AFHTTPSessionManager.m in Sources */ = {isa = PBXBuildFile; fileRef = 0931BED01CFAD35A006F0093 /* AFHTTPSessionManager.m */; };
		0931BEDD1CFAD35A006F0093 /* AFNetworkReachabilityManager.m in Sources */ = {isa = PBXBuildFile; fileRef = 0931BED31CFAD35A006F0093 /* AFNetworkReachabilityManager.m */; };
		0931BEDE1CFAD35A006F0093 /* AFSecurityPolicy.m in Sources */ = {isa = PBXBuildFile; fileRef = 0931BED51CFAD35A006F0093 /* AFSecurityPolicy.m */; };
		0931BEDF1CFAD35A006F0093 /* AFURLRequestSerialization.m in Sources */ = {isa = PBXBuildFile; fileRef = 0931BED71CFAD35A006F0093 /* AFURLRequestSerialization.m */; };
		0931BEE01CFAD35A006F0093 /* AFURLResponseSerialization.m in Sources */ = {isa = PBXBuildFile; fileRef = 0931BED91CFAD35A006F0093 /* AFURLResponseSerialization.m */; };
		0931BEE11CFAD35A006F0093 /* AFURLSessionManager.m in Sources */ = {isa = PBXBuildFile; fileRef = 0931BEDB1CFAD35A006F0093 /* AFURLSessionManager.m */; };
		0931BEE71CFAE55F006F0093 /* WorkDataModel.m in Sources */ = {isa = PBXBuildFile; fileRef = 0931BEE61CFAE55F006F0093 /* WorkDataModel.m */; };
		0931BEF11CFAF9EC006F0093 /* MDRadialProgressLabel.m in Sources */ = {isa = PBXBuildFile; fileRef = 0931BEEC1CFAF9EC006F0093 /* MDRadialProgressLabel.m */; };
		0931BEF21CFAF9EC006F0093 /* MDRadialProgressTheme.m in Sources */ = {isa = PBXBuildFile; fileRef = 0931BEEE1CFAF9EC006F0093 /* MDRadialProgressTheme.m */; };
		0931BEF31CFAF9EC006F0093 /* MDRadialProgressView.m in Sources */ = {isa = PBXBuildFile; fileRef = 0931BEF01CFAF9EC006F0093 /* MDRadialProgressView.m */; };
		0940A2281D1CF466003F3371 /* DateTableViewController.m in Sources */ = {isa = PBXBuildFile; fileRef = 0940A2271D1CF466003F3371 /* DateTableViewController.m */; };
		0940A2331D1CF6C5003F3371 /* DateTableViewCell.m in Sources */ = {isa = PBXBuildFile; fileRef = 0940A2311D1CF6C5003F3371 /* DateTableViewCell.m */; };
		0940A2341D1CF6C5003F3371 /* DateCell.xib in Resources */ = {isa = PBXBuildFile; fileRef = 0940A2321D1CF6C5003F3371 /* DateCell.xib */; };
		0940A2371D1CF90F003F3371 /* SubTable.m in Sources */ = {isa = PBXBuildFile; fileRef = 0940A2361D1CF90F003F3371 /* SubTable.m */; };
		0940A23A1D1CF96C003F3371 /* DateDataModel.m in Sources */ = {isa = PBXBuildFile; fileRef = 0940A2391D1CF96C003F3371 /* DateDataModel.m */; };
		0940A23D1D1D151A003F3371 /* DateSelectViewController.m in Sources */ = {isa = PBXBuildFile; fileRef = 0940A23C1D1D151A003F3371 /* DateSelectViewController.m */; };
		0940A2401D1D1534003F3371 /* DateDetailTableViewController.m in Sources */ = {isa = PBXBuildFile; fileRef = 0940A23F1D1D1534003F3371 /* DateDetailTableViewController.m */; };
		0940A2441D1D304A003F3371 /* DateDetailCell.m in Sources */ = {isa = PBXBuildFile; fileRef = 0940A2421D1D304A003F3371 /* DateDetailCell.m */; };
		0940A2451D1D304A003F3371 /* DateDetailCell.xib in Resources */ = {isa = PBXBuildFile; fileRef = 0940A2431D1D304A003F3371 /* DateDetailCell.xib */; };
		0940A2481D1D3B9D003F3371 /* DateMoreTableViewController.m in Sources */ = {isa = PBXBuildFile; fileRef = 0940A2471D1D3B9D003F3371 /* DateMoreTableViewController.m */; };
		096166691D14593500EC4BF7 /* jpush-ios-2.1.7.a in Frameworks */ = {isa = PBXBuildFile; fileRef = 096166671D14593500EC4BF7 /* jpush-ios-2.1.7.a */; };
		0961666B1D14598000EC4BF7 /* CFNetwork.framework in Frameworks */ = {isa = PBXBuildFile; fileRef = 0961666A1D14598000EC4BF7 /* CFNetwork.framework */; };
		0961666D1D14598F00EC4BF7 /* CoreFoundation.framework in Frameworks */ = {isa = PBXBuildFile; fileRef = 0961666C1D14598F00EC4BF7 /* CoreFoundation.framework */; };
		0961666F1D14599E00EC4BF7 /* CoreTelephony.framework in Frameworks */ = {isa = PBXBuildFile; fileRef = 0961666E1D14599E00EC4BF7 /* CoreTelephony.framework */; };
		096166711D1459AE00EC4BF7 /* SystemConfiguration.framework in Frameworks */ = {isa = PBXBuildFile; fileRef = 096166701D1459AE00EC4BF7 /* SystemConfiguration.framework */; };
		096166731D1459BE00EC4BF7 /* CoreGraphics.framework in Frameworks */ = {isa = PBXBuildFile; fileRef = 096166721D1459BE00EC4BF7 /* CoreGraphics.framework */; };
		096166751D1459CC00EC4BF7 /* Foundation.framework in Frameworks */ = {isa = PBXBuildFile; fileRef = 096166741D1459CC00EC4BF7 /* Foundation.framework */; };
		096166771D1459E200EC4BF7 /* UIKit.framework in Frameworks */ = {isa = PBXBuildFile; fileRef = 096166761D1459E200EC4BF7 /* UIKit.framework */; };
		096166791D1459EF00EC4BF7 /* Security.framework in Frameworks */ = {isa = PBXBuildFile; fileRef = 096166781D1459EF00EC4BF7 /* Security.framework */; };
		0961667B1D1459FE00EC4BF7 /* libz.tbd in Frameworks */ = {isa = PBXBuildFile; fileRef = 0961667A1D1459FE00EC4BF7 /* libz.tbd */; };
		096166801D147E2700EC4BF7 /* MBProgressHUD.m in Sources */ = {isa = PBXBuildFile; fileRef = 0961667F1D147E2700EC4BF7 /* MBProgressHUD.m */; };
		097421DB1D09D1BC0001884D /* DayDetailTableViewController.m in Sources */ = {isa = PBXBuildFile; fileRef = 097421DA1D09D1BC0001884D /* DayDetailTableViewController.m */; };
		099AB0161D158F3100885DEE /* sdRefeshView_arrow@2x.png in Resources */ = {isa = PBXBuildFile; fileRef = 099AB00C1D158F3100885DEE /* sdRefeshView_arrow@2x.png */; };
		099AB0171D158F3100885DEE /* SDRefreshFooterView.m in Sources */ = {isa = PBXBuildFile; fileRef = 099AB00F1D158F3100885DEE /* SDRefreshFooterView.m */; };
		099AB0181D158F3100885DEE /* SDRefreshHeaderView.m in Sources */ = {isa = PBXBuildFile; fileRef = 099AB0111D158F3100885DEE /* SDRefreshHeaderView.m */; };
		099AB0191D158F3100885DEE /* SDRefreshView.m in Sources */ = {isa = PBXBuildFile; fileRef = 099AB0131D158F3100885DEE /* SDRefreshView.m */; };
		099AB01A1D158F3100885DEE /* UIView+SDExtension.m in Sources */ = {isa = PBXBuildFile; fileRef = 099AB0151D158F3100885DEE /* UIView+SDExtension.m */; };
		099B0B211CFB167A0029222D /* MoreViewController.m in Sources */ = {isa = PBXBuildFile; fileRef = 099B0B201CFB167A0029222D /* MoreViewController.m */; };
		099FA08C1D15050100B7E435 /* NSString+Hash.m in Sources */ = {isa = PBXBuildFile; fileRef = 099FA08B1D15050100B7E435 /* NSString+Hash.m */; };
		09C740D31CFC6134002B9A77 /* cbsNetWork.m in Sources */ = {isa = PBXBuildFile; fileRef = 09C740D21CFC6134002B9A77 /* cbsNetWork.m */; };
		09C740EC1CFC6DE3002B9A77 /* STPickerArea.m in Sources */ = {isa = PBXBuildFile; fileRef = 09C740D71CFC6DE3002B9A77 /* STPickerArea.m */; };
		09C740F01CFC6DE3002B9A77 /* STConst.m in Sources */ = {isa = PBXBuildFile; fileRef = 09C740E31CFC6DE3002B9A77 /* STConst.m */; };
		09C740F11CFC6DE3002B9A77 /* STUI.m in Sources */ = {isa = PBXBuildFile; fileRef = 09C740E51CFC6DE3002B9A77 /* STUI.m */; };
		09C740F21CFC6DE3002B9A77 /* UIView+ST.m in Sources */ = {isa = PBXBuildFile; fileRef = 09C740E71CFC6DE3002B9A77 /* UIView+ST.m */; };
		09C740F31CFC6DE3002B9A77 /* STPickerView.m in Sources */ = {isa = PBXBuildFile; fileRef = 09C740EA1CFC6DE3002B9A77 /* STPickerView.m */; };
		09C740F61CFC6E55002B9A77 /* SelectViewController.m in Sources */ = {isa = PBXBuildFile; fileRef = 09C740F51CFC6E55002B9A77 /* SelectViewController.m */; };
		09CDF2701CF9864200DCE40C /* Login.storyboard in Resources */ = {isa = PBXBuildFile; fileRef = 09CDF26F1CF9864200DCE40C /* Login.storyboard */; };
		09D5D0601D119EFF0089E732 /* MessageDetailTableViewController.m in Sources */ = {isa = PBXBuildFile; fileRef = 09D5D05F1D119EFF0089E732 /* MessageDetailTableViewController.m */; };
		09D5D0631D11B4100089E732 /* MessageSelectViewController.m in Sources */ = {isa = PBXBuildFile; fileRef = 09D5D0621D11B4100089E732 /* MessageSelectViewController.m */; };
		09DB3EA61D0FDF1B001D527B /* MessageTableViewController.m in Sources */ = {isa = PBXBuildFile; fileRef = 09DB3EA51D0FDF1B001D527B /* MessageTableViewController.m */; };
		09DB3EA91D0FDF69001D527B /* MessageDataModel.m in Sources */ = {isa = PBXBuildFile; fileRef = 09DB3EA81D0FDF69001D527B /* MessageDataModel.m */; };
		09DB3EAB1D0FE3D9001D527B /* MessageCell.xib in Resources */ = {isa = PBXBuildFile; fileRef = 09DB3EAA1D0FE3D9001D527B /* MessageCell.xib */; };
		09DB3EAE1D0FE66A001D527B /* MessageTableViewCell.m in Sources */ = {isa = PBXBuildFile; fileRef = 09DB3EAD1D0FE66A001D527B /* MessageTableViewCell.m */; };
		09F0AB551CF9470E005F17D2 /* main.m in Sources */ = {isa = PBXBuildFile; fileRef = 09F0AB541CF9470E005F17D2 /* main.m */; };
		09F0AB581CF9470E005F17D2 /* AppDelegate.m in Sources */ = {isa = PBXBuildFile; fileRef = 09F0AB571CF9470E005F17D2 /* AppDelegate.m */; };
		09F0AB5E1CF9470E005F17D2 /* Main.storyboard in Resources */ = {isa = PBXBuildFile; fileRef = 09F0AB5C1CF9470E005F17D2 /* Main.storyboard */; };
		09F0AB601CF9470E005F17D2 /* Assets.xcassets in Resources */ = {isa = PBXBuildFile; fileRef = 09F0AB5F1CF9470E005F17D2 /* Assets.xcassets */; };
		09F0AB631CF9470E005F17D2 /* LaunchScreen.storyboard in Resources */ = {isa = PBXBuildFile; fileRef = 09F0AB611CF9470E005F17D2 /* LaunchScreen.storyboard */; };
		09F0AB841CF969A2005F17D2 /* NavigationController.m in Sources */ = {isa = PBXBuildFile; fileRef = 09F0AB7E1CF969A2005F17D2 /* NavigationController.m */; };
		09F0AB851CF969A2005F17D2 /* UserInfo.m in Sources */ = {isa = PBXBuildFile; fileRef = 09F0AB811CF969A2005F17D2 /* UserInfo.m */; };
/* End PBXBuildFile section */

/* Begin PBXFileReference section */
		0915217B1D17BCD800D58AC6 /* View.xib */ = {isa = PBXFileReference; fileEncoding = 4; lastKnownFileType = file.xib; path = View.xib; sourceTree = "<group>"; };
		091554921D097A9C00C793AE /* LoginViewController.h */ = {isa = PBXFileReference; fileEncoding = 4; lastKnownFileType = sourcecode.c.h; path = LoginViewController.h; sourceTree = "<group>"; };
		091554931D097A9C00C793AE /* LoginViewController.m */ = {isa = PBXFileReference; fileEncoding = 4; lastKnownFileType = sourcecode.c.objc; path = LoginViewController.m; sourceTree = "<group>"; };
		092235811D12A32800272D80 /* LHEditTextView.h */ = {isa = PBXFileReference; fileEncoding = 4; lastKnownFileType = sourcecode.c.h; path = LHEditTextView.h; sourceTree = "<group>"; };
		092235821D12A32800272D80 /* LHEditTextView.m */ = {isa = PBXFileReference; fileEncoding = 4; lastKnownFileType = sourcecode.c.objc; path = LHEditTextView.m; sourceTree = "<group>"; };
		092235831D12A32800272D80 /* LHTopTextView.h */ = {isa = PBXFileReference; fileEncoding = 4; lastKnownFileType = sourcecode.c.h; path = LHTopTextView.h; sourceTree = "<group>"; };
		092235841D12A32800272D80 /* LHTopTextView.m */ = {isa = PBXFileReference; fileEncoding = 4; lastKnownFileType = sourcecode.c.objc; path = LHTopTextView.m; sourceTree = "<group>"; };
		0922C4971D0B2796000B58BF /* UserTableViewController.h */ = {isa = PBXFileReference; fileEncoding = 4; lastKnownFileType = sourcecode.c.h; path = UserTableViewController.h; sourceTree = "<group>"; };
		0922C4981D0B2796000B58BF /* UserTableViewController.m */ = {isa = PBXFileReference; fileEncoding = 4; lastKnownFileType = sourcecode.c.objc; path = UserTableViewController.m; sourceTree = "<group>"; };
		0931BEC61CFAC1F5006F0093 /* DayTableViewController.h */ = {isa = PBXFileReference; fileEncoding = 4; lastKnownFileType = sourcecode.c.h; path = DayTableViewController.h; sourceTree = "<group>"; };
		0931BEC71CFAC1F5006F0093 /* DayTableViewController.m */ = {isa = PBXFileReference; fileEncoding = 4; lastKnownFileType = sourcecode.c.objc; path = DayTableViewController.m; sourceTree = "<group>"; };
		0931BEC91CFACCF1006F0093 /* SearchCell.xib */ = {isa = PBXFileReference; fileEncoding = 4; lastKnownFileType = file.xib; path = SearchCell.xib; sourceTree = "<group>"; };
		0931BECA1CFACCF1006F0093 /* SearchCellTableViewCell.h */ = {isa = PBXFileReference; fileEncoding = 4; lastKnownFileType = sourcecode.c.h; path = SearchCellTableViewCell.h; sourceTree = "<group>"; };
		0931BECB1CFACCF1006F0093 /* SearchCellTableViewCell.m */ = {isa = PBXFileReference; fileEncoding = 4; lastKnownFileType = sourcecode.c.objc; path = SearchCellTableViewCell.m; sourceTree = "<group>"; };
		0931BECF1CFAD35A006F0093 /* AFHTTPSessionManager.h */ = {isa = PBXFileReference; fileEncoding = 4; lastKnownFileType = sourcecode.c.h; path = AFHTTPSessionManager.h; sourceTree = "<group>"; };
		0931BED01CFAD35A006F0093 /* AFHTTPSessionManager.m */ = {isa = PBXFileReference; fileEncoding = 4; lastKnownFileType = sourcecode.c.objc; path = AFHTTPSessionManager.m; sourceTree = "<group>"; };
		0931BED11CFAD35A006F0093 /* AFNetworking.h */ = {isa = PBXFileReference; fileEncoding = 4; lastKnownFileType = sourcecode.c.h; path = AFNetworking.h; sourceTree = "<group>"; };
		0931BED21CFAD35A006F0093 /* AFNetworkReachabilityManager.h */ = {isa = PBXFileReference; fileEncoding = 4; lastKnownFileType = sourcecode.c.h; path = AFNetworkReachabilityManager.h; sourceTree = "<group>"; };
		0931BED31CFAD35A006F0093 /* AFNetworkReachabilityManager.m */ = {isa = PBXFileReference; fileEncoding = 4; lastKnownFileType = sourcecode.c.objc; path = AFNetworkReachabilityManager.m; sourceTree = "<group>"; };
		0931BED41CFAD35A006F0093 /* AFSecurityPolicy.h */ = {isa = PBXFileReference; fileEncoding = 4; lastKnownFileType = sourcecode.c.h; path = AFSecurityPolicy.h; sourceTree = "<group>"; };
		0931BED51CFAD35A006F0093 /* AFSecurityPolicy.m */ = {isa = PBXFileReference; fileEncoding = 4; lastKnownFileType = sourcecode.c.objc; path = AFSecurityPolicy.m; sourceTree = "<group>"; };
		0931BED61CFAD35A006F0093 /* AFURLRequestSerialization.h */ = {isa = PBXFileReference; fileEncoding = 4; lastKnownFileType = sourcecode.c.h; path = AFURLRequestSerialization.h; sourceTree = "<group>"; };
		0931BED71CFAD35A006F0093 /* AFURLRequestSerialization.m */ = {isa = PBXFileReference; fileEncoding = 4; lastKnownFileType = sourcecode.c.objc; path = AFURLRequestSerialization.m; sourceTree = "<group>"; };
		0931BED81CFAD35A006F0093 /* AFURLResponseSerialization.h */ = {isa = PBXFileReference; fileEncoding = 4; lastKnownFileType = sourcecode.c.h; path = AFURLResponseSerialization.h; sourceTree = "<group>"; };
		0931BED91CFAD35A006F0093 /* AFURLResponseSerialization.m */ = {isa = PBXFileReference; fileEncoding = 4; lastKnownFileType = sourcecode.c.objc; path = AFURLResponseSerialization.m; sourceTree = "<group>"; };
		0931BEDA1CFAD35A006F0093 /* AFURLSessionManager.h */ = {isa = PBXFileReference; fileEncoding = 4; lastKnownFileType = sourcecode.c.h; path = AFURLSessionManager.h; sourceTree = "<group>"; };
		0931BEDB1CFAD35A006F0093 /* AFURLSessionManager.m */ = {isa = PBXFileReference; fileEncoding = 4; lastKnownFileType = sourcecode.c.objc; path = AFURLSessionManager.m; sourceTree = "<group>"; };
		0931BEE51CFAE55F006F0093 /* WorkDataModel.h */ = {isa = PBXFileReference; fileEncoding = 4; lastKnownFileType = sourcecode.c.h; path = WorkDataModel.h; sourceTree = "<group>"; };
		0931BEE61CFAE55F006F0093 /* WorkDataModel.m */ = {isa = PBXFileReference; fileEncoding = 4; lastKnownFileType = sourcecode.c.objc; path = WorkDataModel.m; sourceTree = "<group>"; };
		0931BEEB1CFAF9EC006F0093 /* MDRadialProgressLabel.h */ = {isa = PBXFileReference; fileEncoding = 4; lastKnownFileType = sourcecode.c.h; path = MDRadialProgressLabel.h; sourceTree = "<group>"; };
		0931BEEC1CFAF9EC006F0093 /* MDRadialProgressLabel.m */ = {isa = PBXFileReference; fileEncoding = 4; lastKnownFileType = sourcecode.c.objc; path = MDRadialProgressLabel.m; sourceTree = "<group>"; };
		0931BEED1CFAF9EC006F0093 /* MDRadialProgressTheme.h */ = {isa = PBXFileReference; fileEncoding = 4; lastKnownFileType = sourcecode.c.h; path = MDRadialProgressTheme.h; sourceTree = "<group>"; };
		0931BEEE1CFAF9EC006F0093 /* MDRadialProgressTheme.m */ = {isa = PBXFileReference; fileEncoding = 4; lastKnownFileType = sourcecode.c.objc; path = MDRadialProgressTheme.m; sourceTree = "<group>"; };
		0931BEEF1CFAF9EC006F0093 /* MDRadialProgressView.h */ = {isa = PBXFileReference; fileEncoding = 4; lastKnownFileType = sourcecode.c.h; path = MDRadialProgressView.h; sourceTree = "<group>"; };
		0931BEF01CFAF9EC006F0093 /* MDRadialProgressView.m */ = {isa = PBXFileReference; fileEncoding = 4; lastKnownFileType = sourcecode.c.objc; path = MDRadialProgressView.m; sourceTree = "<group>"; };
		0931BEF61CFAFC4A006F0093 /* MDRadialProgress-Prefix.pch */ = {isa = PBXFileReference; lastKnownFileType = sourcecode.c.h; path = "MDRadialProgress-Prefix.pch"; sourceTree = "<group>"; };
		0940A2261D1CF466003F3371 /* DateTableViewController.h */ = {isa = PBXFileReference; fileEncoding = 4; lastKnownFileType = sourcecode.c.h; path = DateTableViewController.h; sourceTree = "<group>"; };
		0940A2271D1CF466003F3371 /* DateTableViewController.m */ = {isa = PBXFileReference; fileEncoding = 4; lastKnownFileType = sourcecode.c.objc; path = DateTableViewController.m; sourceTree = "<group>"; };
		0940A2301D1CF6C5003F3371 /* DateTableViewCell.h */ = {isa = PBXFileReference; fileEncoding = 4; lastKnownFileType = sourcecode.c.h; path = DateTableViewCell.h; sourceTree = "<group>"; };
		0940A2311D1CF6C5003F3371 /* DateTableViewCell.m */ = {isa = PBXFileReference; fileEncoding = 4; lastKnownFileType = sourcecode.c.objc; path = DateTableViewCell.m; sourceTree = "<group>"; };
		0940A2321D1CF6C5003F3371 /* DateCell.xib */ = {isa = PBXFileReference; fileEncoding = 4; lastKnownFileType = file.xib; path = DateCell.xib; sourceTree = "<group>"; };
		0940A2351D1CF90F003F3371 /* SubTable.h */ = {isa = PBXFileReference; fileEncoding = 4; lastKnownFileType = sourcecode.c.h; path = SubTable.h; sourceTree = "<group>"; };
		0940A2361D1CF90F003F3371 /* SubTable.m */ = {isa = PBXFileReference; fileEncoding = 4; lastKnownFileType = sourcecode.c.objc; path = SubTable.m; sourceTree = "<group>"; };
		0940A2381D1CF96C003F3371 /* DateDataModel.h */ = {isa = PBXFileReference; fileEncoding = 4; lastKnownFileType = sourcecode.c.h; path = DateDataModel.h; sourceTree = "<group>"; };
		0940A2391D1CF96C003F3371 /* DateDataModel.m */ = {isa = PBXFileReference; fileEncoding = 4; lastKnownFileType = sourcecode.c.objc; path = DateDataModel.m; sourceTree = "<group>"; };
		0940A23B1D1D151A003F3371 /* DateSelectViewController.h */ = {isa = PBXFileReference; fileEncoding = 4; lastKnownFileType = sourcecode.c.h; path = DateSelectViewController.h; sourceTree = "<group>"; };
		0940A23C1D1D151A003F3371 /* DateSelectViewController.m */ = {isa = PBXFileReference; fileEncoding = 4; lastKnownFileType = sourcecode.c.objc; path = DateSelectViewController.m; sourceTree = "<group>"; };
		0940A23E1D1D1534003F3371 /* DateDetailTableViewController.h */ = {isa = PBXFileReference; fileEncoding = 4; lastKnownFileType = sourcecode.c.h; path = DateDetailTableViewController.h; sourceTree = "<group>"; };
		0940A23F1D1D1534003F3371 /* DateDetailTableViewController.m */ = {isa = PBXFileReference; fileEncoding = 4; lastKnownFileType = sourcecode.c.objc; path = DateDetailTableViewController.m; sourceTree = "<group>"; };
		0940A2411D1D304A003F3371 /* DateDetailCell.h */ = {isa = PBXFileReference; fileEncoding = 4; lastKnownFileType = sourcecode.c.h; path = DateDetailCell.h; sourceTree = "<group>"; };
		0940A2421D1D304A003F3371 /* DateDetailCell.m */ = {isa = PBXFileReference; fileEncoding = 4; lastKnownFileType = sourcecode.c.objc; path = DateDetailCell.m; sourceTree = "<group>"; };
		0940A2431D1D304A003F3371 /* DateDetailCell.xib */ = {isa = PBXFileReference; fileEncoding = 4; lastKnownFileType = file.xib; path = DateDetailCell.xib; sourceTree = "<group>"; };
		0940A2461D1D3B9D003F3371 /* DateMoreTableViewController.h */ = {isa = PBXFileReference; fileEncoding = 4; lastKnownFileType = sourcecode.c.h; path = DateMoreTableViewController.h; sourceTree = "<group>"; };
		0940A2471D1D3B9D003F3371 /* DateMoreTableViewController.m */ = {isa = PBXFileReference; fileEncoding = 4; lastKnownFileType = sourcecode.c.objc; path = DateMoreTableViewController.m; sourceTree = "<group>"; };
		096166671D14593500EC4BF7 /* jpush-ios-2.1.7.a */ = {isa = PBXFileReference; lastKnownFileType = archive.ar; path = "jpush-ios-2.1.7.a"; sourceTree = "<group>"; };
		096166681D14593500EC4BF7 /* JPUSHService.h */ = {isa = PBXFileReference; fileEncoding = 4; lastKnownFileType = sourcecode.c.h; path = JPUSHService.h; sourceTree = "<group>"; };
		0961666A1D14598000EC4BF7 /* CFNetwork.framework */ = {isa = PBXFileReference; lastKnownFileType = wrapper.framework; name = CFNetwork.framework; path = System/Library/Frameworks/CFNetwork.framework; sourceTree = SDKROOT; };
		0961666C1D14598F00EC4BF7 /* CoreFoundation.framework */ = {isa = PBXFileReference; lastKnownFileType = wrapper.framework; name = CoreFoundation.framework; path = System/Library/Frameworks/CoreFoundation.framework; sourceTree = SDKROOT; };
		0961666E1D14599E00EC4BF7 /* CoreTelephony.framework */ = {isa = PBXFileReference; lastKnownFileType = wrapper.framework; name = CoreTelephony.framework; path = System/Library/Frameworks/CoreTelephony.framework; sourceTree = SDKROOT; };
		096166701D1459AE00EC4BF7 /* SystemConfiguration.framework */ = {isa = PBXFileReference; lastKnownFileType = wrapper.framework; name = SystemConfiguration.framework; path = System/Library/Frameworks/SystemConfiguration.framework; sourceTree = SDKROOT; };
		096166721D1459BE00EC4BF7 /* CoreGraphics.framework */ = {isa = PBXFileReference; lastKnownFileType = wrapper.framework; name = CoreGraphics.framework; path = System/Library/Frameworks/CoreGraphics.framework; sourceTree = SDKROOT; };
		096166741D1459CC00EC4BF7 /* Foundation.framework */ = {isa = PBXFileReference; lastKnownFileType = wrapper.framework; name = Foundation.framework; path = System/Library/Frameworks/Foundation.framework; sourceTree = SDKROOT; };
		096166761D1459E200EC4BF7 /* UIKit.framework */ = {isa = PBXFileReference; lastKnownFileType = wrapper.framework; name = UIKit.framework; path = System/Library/Frameworks/UIKit.framework; sourceTree = SDKROOT; };
		096166781D1459EF00EC4BF7 /* Security.framework */ = {isa = PBXFileReference; lastKnownFileType = wrapper.framework; name = Security.framework; path = System/Library/Frameworks/Security.framework; sourceTree = SDKROOT; };
		0961667A1D1459FE00EC4BF7 /* libz.tbd */ = {isa = PBXFileReference; lastKnownFileType = "sourcecode.text-based-dylib-definition"; name = libz.tbd; path = usr/lib/libz.tbd; sourceTree = SDKROOT; };
		0961667C1D145A6D00EC4BF7 /* sound.caf */ = {isa = PBXFileReference; lastKnownFileType = file; path = sound.caf; sourceTree = "<group>"; };
		0961667E1D147E2700EC4BF7 /* MBProgressHUD.h */ = {isa = PBXFileReference; fileEncoding = 4; lastKnownFileType = sourcecode.c.h; path = MBProgressHUD.h; sourceTree = "<group>"; };
		0961667F1D147E2700EC4BF7 /* MBProgressHUD.m */ = {isa = PBXFileReference; fileEncoding = 4; lastKnownFileType = sourcecode.c.objc; path = MBProgressHUD.m; sourceTree = "<group>"; };
		097421D91D09D1BC0001884D /* DayDetailTableViewController.h */ = {isa = PBXFileReference; fileEncoding = 4; lastKnownFileType = sourcecode.c.h; path = DayDetailTableViewController.h; sourceTree = "<group>"; };
		097421DA1D09D1BC0001884D /* DayDetailTableViewController.m */ = {isa = PBXFileReference; fileEncoding = 4; lastKnownFileType = sourcecode.c.objc; path = DayDetailTableViewController.m; sourceTree = "<group>"; };
		099AB00C1D158F3100885DEE /* sdRefeshView_arrow@2x.png */ = {isa = PBXFileReference; lastKnownFileType = image.png; path = "sdRefeshView_arrow@2x.png"; sourceTree = "<group>"; };
		099AB00D1D158F3100885DEE /* SDRefresh.h */ = {isa = PBXFileReference; fileEncoding = 4; lastKnownFileType = sourcecode.c.h; path = SDRefresh.h; sourceTree = "<group>"; };
		099AB00E1D158F3100885DEE /* SDRefreshFooterView.h */ = {isa = PBXFileReference; fileEncoding = 4; lastKnownFileType = sourcecode.c.h; path = SDRefreshFooterView.h; sourceTree = "<group>"; };
		099AB00F1D158F3100885DEE /* SDRefreshFooterView.m */ = {isa = PBXFileReference; fileEncoding = 4; lastKnownFileType = sourcecode.c.objc; path = SDRefreshFooterView.m; sourceTree = "<group>"; };
		099AB0101D158F3100885DEE /* SDRefreshHeaderView.h */ = {isa = PBXFileReference; fileEncoding = 4; lastKnownFileType = sourcecode.c.h; path = SDRefreshHeaderView.h; sourceTree = "<group>"; };
		099AB0111D158F3100885DEE /* SDRefreshHeaderView.m */ = {isa = PBXFileReference; fileEncoding = 4; lastKnownFileType = sourcecode.c.objc; path = SDRefreshHeaderView.m; sourceTree = "<group>"; };
		099AB0121D158F3100885DEE /* SDRefreshView.h */ = {isa = PBXFileReference; fileEncoding = 4; lastKnownFileType = sourcecode.c.h; path = SDRefreshView.h; sourceTree = "<group>"; };
		099AB0131D158F3100885DEE /* SDRefreshView.m */ = {isa = PBXFileReference; fileEncoding = 4; lastKnownFileType = sourcecode.c.objc; path = SDRefreshView.m; sourceTree = "<group>"; };
		099AB0141D158F3100885DEE /* UIView+SDExtension.h */ = {isa = PBXFileReference; fileEncoding = 4; lastKnownFileType = sourcecode.c.h; path = "UIView+SDExtension.h"; sourceTree = "<group>"; };
		099AB0151D158F3100885DEE /* UIView+SDExtension.m */ = {isa = PBXFileReference; fileEncoding = 4; lastKnownFileType = sourcecode.c.objc; path = "UIView+SDExtension.m"; sourceTree = "<group>"; };
		099AB01B1D159B9F00885DEE /* zh-Hans */ = {isa = PBXFileReference; lastKnownFileType = text.plist.strings; name = "zh-Hans"; path = "zh-Hans.lproj/Main.strings"; sourceTree = "<group>"; };
		099AB01C1D159B9F00885DEE /* zh-Hans */ = {isa = PBXFileReference; lastKnownFileType = text.plist.strings; name = "zh-Hans"; path = "zh-Hans.lproj/LaunchScreen.strings"; sourceTree = "<group>"; };
		099B0B1F1CFB167A0029222D /* MoreViewController.h */ = {isa = PBXFileReference; fileEncoding = 4; lastKnownFileType = sourcecode.c.h; path = MoreViewController.h; sourceTree = "<group>"; };
		099B0B201CFB167A0029222D /* MoreViewController.m */ = {isa = PBXFileReference; fileEncoding = 4; lastKnownFileType = sourcecode.c.objc; path = MoreViewController.m; sourceTree = "<group>"; };
		099FA08A1D15050100B7E435 /* NSString+Hash.h */ = {isa = PBXFileReference; fileEncoding = 4; lastKnownFileType = sourcecode.c.h; path = "NSString+Hash.h"; sourceTree = "<group>"; };
		099FA08B1D15050100B7E435 /* NSString+Hash.m */ = {isa = PBXFileReference; fileEncoding = 4; lastKnownFileType = sourcecode.c.objc; path = "NSString+Hash.m"; sourceTree = "<group>"; };
		09C740D11CFC6134002B9A77 /* cbsNetWork.h */ = {isa = PBXFileReference; fileEncoding = 4; lastKnownFileType = sourcecode.c.h; path = cbsNetWork.h; sourceTree = "<group>"; };
		09C740D21CFC6134002B9A77 /* cbsNetWork.m */ = {isa = PBXFileReference; fileEncoding = 4; lastKnownFileType = sourcecode.c.objc; path = cbsNetWork.m; sourceTree = "<group>"; };
		09C740D61CFC6DE3002B9A77 /* STPickerArea.h */ = {isa = PBXFileReference; fileEncoding = 4; lastKnownFileType = sourcecode.c.h; path = STPickerArea.h; sourceTree = "<group>"; };
		09C740D71CFC6DE3002B9A77 /* STPickerArea.m */ = {isa = PBXFileReference; fileEncoding = 4; lastKnownFileType = sourcecode.c.objc; path = STPickerArea.m; sourceTree = "<group>"; };
		09C740E11CFC6DE3002B9A77 /* STConfig.h */ = {isa = PBXFileReference; fileEncoding = 4; lastKnownFileType = sourcecode.c.h; path = STConfig.h; sourceTree = "<group>"; };
		09C740E21CFC6DE3002B9A77 /* STConst.h */ = {isa = PBXFileReference; fileEncoding = 4; lastKnownFileType = sourcecode.c.h; path = STConst.h; sourceTree = "<group>"; };
		09C740E31CFC6DE3002B9A77 /* STConst.m */ = {isa = PBXFileReference; fileEncoding = 4; lastKnownFileType = sourcecode.c.objc; path = STConst.m; sourceTree = "<group>"; };
		09C740E41CFC6DE3002B9A77 /* STUI.h */ = {isa = PBXFileReference; fileEncoding = 4; lastKnownFileType = sourcecode.c.h; path = STUI.h; sourceTree = "<group>"; };
		09C740E51CFC6DE3002B9A77 /* STUI.m */ = {isa = PBXFileReference; fileEncoding = 4; lastKnownFileType = sourcecode.c.objc; path = STUI.m; sourceTree = "<group>"; };
		09C740E61CFC6DE3002B9A77 /* UIView+ST.h */ = {isa = PBXFileReference; fileEncoding = 4; lastKnownFileType = sourcecode.c.h; path = "UIView+ST.h"; sourceTree = "<group>"; };
		09C740E71CFC6DE3002B9A77 /* UIView+ST.m */ = {isa = PBXFileReference; fileEncoding = 4; lastKnownFileType = sourcecode.c.objc; path = "UIView+ST.m"; sourceTree = "<group>"; };
		09C740E91CFC6DE3002B9A77 /* STPickerView.h */ = {isa = PBXFileReference; fileEncoding = 4; lastKnownFileType = sourcecode.c.h; path = STPickerView.h; sourceTree = "<group>"; };
		09C740EA1CFC6DE3002B9A77 /* STPickerView.m */ = {isa = PBXFileReference; fileEncoding = 4; lastKnownFileType = sourcecode.c.objc; path = STPickerView.m; sourceTree = "<group>"; };
		09C740F41CFC6E55002B9A77 /* SelectViewController.h */ = {isa = PBXFileReference; fileEncoding = 4; lastKnownFileType = sourcecode.c.h; path = SelectViewController.h; sourceTree = "<group>"; };
		09C740F51CFC6E55002B9A77 /* SelectViewController.m */ = {isa = PBXFileReference; fileEncoding = 4; lastKnownFileType = sourcecode.c.objc; path = SelectViewController.m; sourceTree = "<group>"; };
		09CDF26F1CF9864200DCE40C /* Login.storyboard */ = {isa = PBXFileReference; fileEncoding = 4; lastKnownFileType = file.storyboard; path = Login.storyboard; sourceTree = "<group>"; };
		09D5D05E1D119EFF0089E732 /* MessageDetailTableViewController.h */ = {isa = PBXFileReference; fileEncoding = 4; lastKnownFileType = sourcecode.c.h; path = MessageDetailTableViewController.h; sourceTree = "<group>"; };
		09D5D05F1D119EFF0089E732 /* MessageDetailTableViewController.m */ = {isa = PBXFileReference; fileEncoding = 4; lastKnownFileType = sourcecode.c.objc; path = MessageDetailTableViewController.m; sourceTree = "<group>"; };
		09D5D0611D11B4100089E732 /* MessageSelectViewController.h */ = {isa = PBXFileReference; fileEncoding = 4; lastKnownFileType = sourcecode.c.h; path = MessageSelectViewController.h; sourceTree = "<group>"; };
		09D5D0621D11B4100089E732 /* MessageSelectViewController.m */ = {isa = PBXFileReference; fileEncoding = 4; lastKnownFileType = sourcecode.c.objc; path = MessageSelectViewController.m; sourceTree = "<group>"; };
		09DB3EA41D0FDF1B001D527B /* MessageTableViewController.h */ = {isa = PBXFileReference; fileEncoding = 4; lastKnownFileType = sourcecode.c.h; path = MessageTableViewController.h; sourceTree = "<group>"; };
		09DB3EA51D0FDF1B001D527B /* MessageTableViewController.m */ = {isa = PBXFileReference; fileEncoding = 4; lastKnownFileType = sourcecode.c.objc; path = MessageTableViewController.m; sourceTree = "<group>"; };
		09DB3EA71D0FDF69001D527B /* MessageDataModel.h */ = {isa = PBXFileReference; fileEncoding = 4; lastKnownFileType = sourcecode.c.h; path = MessageDataModel.h; sourceTree = "<group>"; };
		09DB3EA81D0FDF69001D527B /* MessageDataModel.m */ = {isa = PBXFileReference; fileEncoding = 4; lastKnownFileType = sourcecode.c.objc; path = MessageDataModel.m; sourceTree = "<group>"; };
		09DB3EAA1D0FE3D9001D527B /* MessageCell.xib */ = {isa = PBXFileReference; fileEncoding = 4; lastKnownFileType = file.xib; path = MessageCell.xib; sourceTree = "<group>"; };
		09DB3EAC1D0FE66A001D527B /* MessageTableViewCell.h */ = {isa = PBXFileReference; fileEncoding = 4; lastKnownFileType = sourcecode.c.h; path = MessageTableViewCell.h; sourceTree = "<group>"; };
		09DB3EAD1D0FE66A001D527B /* MessageTableViewCell.m */ = {isa = PBXFileReference; fileEncoding = 4; lastKnownFileType = sourcecode.c.objc; path = MessageTableViewCell.m; sourceTree = "<group>"; };
		09F0AB501CF9470E005F17D2 /* Fuzhou.app */ = {isa = PBXFileReference; explicitFileType = wrapper.application; includeInIndex = 0; path = Fuzhou.app; sourceTree = BUILT_PRODUCTS_DIR; };
		09F0AB541CF9470E005F17D2 /* main.m */ = {isa = PBXFileReference; lastKnownFileType = sourcecode.c.objc; path = main.m; sourceTree = "<group>"; };
		09F0AB561CF9470E005F17D2 /* AppDelegate.h */ = {isa = PBXFileReference; lastKnownFileType = sourcecode.c.h; name = AppDelegate.h; path = ../../AppDelegate.h; sourceTree = "<group>"; };
		09F0AB571CF9470E005F17D2 /* AppDelegate.m */ = {isa = PBXFileReference; lastKnownFileType = sourcecode.c.objc; name = AppDelegate.m; path = ../../AppDelegate.m; sourceTree = "<group>"; };
		09F0AB5D1CF9470E005F17D2 /* Base */ = {isa = PBXFileReference; lastKnownFileType = file.storyboard; name = Base; path = Base.lproj/Main.storyboard; sourceTree = "<group>"; };
		09F0AB5F1CF9470E005F17D2 /* Assets.xcassets */ = {isa = PBXFileReference; lastKnownFileType = folder.assetcatalog; path = Assets.xcassets; sourceTree = "<group>"; };
		09F0AB621CF9470E005F17D2 /* Base */ = {isa = PBXFileReference; lastKnownFileType = file.storyboard; name = Base; path = Base.lproj/LaunchScreen.storyboard; sourceTree = "<group>"; };
		09F0AB641CF9470E005F17D2 /* Info.plist */ = {isa = PBXFileReference; lastKnownFileType = text.plist.xml; path = Info.plist; sourceTree = "<group>"; };
		09F0AB7D1CF969A2005F17D2 /* NavigationController.h */ = {isa = PBXFileReference; fileEncoding = 4; lastKnownFileType = sourcecode.c.h; path = NavigationController.h; sourceTree = "<group>"; };
		09F0AB7E1CF969A2005F17D2 /* NavigationController.m */ = {isa = PBXFileReference; fileEncoding = 4; lastKnownFileType = sourcecode.c.objc; path = NavigationController.m; sourceTree = "<group>"; };
		09F0AB7F1CF969A2005F17D2 /* Singleton.h */ = {isa = PBXFileReference; fileEncoding = 4; lastKnownFileType = sourcecode.c.h; path = Singleton.h; sourceTree = "<group>"; };
		09F0AB801CF969A2005F17D2 /* UserInfo.h */ = {isa = PBXFileReference; fileEncoding = 4; lastKnownFileType = sourcecode.c.h; path = UserInfo.h; sourceTree = "<group>"; };
		09F0AB811CF969A2005F17D2 /* UserInfo.m */ = {isa = PBXFileReference; fileEncoding = 4; lastKnownFileType = sourcecode.c.objc; path = UserInfo.m; sourceTree = "<group>"; };
/* End PBXFileReference section */

/* Begin PBXFrameworksBuildPhase section */
		09F0AB4D1CF9470E005F17D2 /* Frameworks */ = {
			isa = PBXFrameworksBuildPhase;
			buildActionMask = 2147483647;
			files = (
				0961667B1D1459FE00EC4BF7 /* libz.tbd in Frameworks */,
				096166791D1459EF00EC4BF7 /* Security.framework in Frameworks */,
				096166771D1459E200EC4BF7 /* UIKit.framework in Frameworks */,
				096166751D1459CC00EC4BF7 /* Foundation.framework in Frameworks */,
				096166731D1459BE00EC4BF7 /* CoreGraphics.framework in Frameworks */,
				096166711D1459AE00EC4BF7 /* SystemConfiguration.framework in Frameworks */,
				0961666F1D14599E00EC4BF7 /* CoreTelephony.framework in Frameworks */,
				0961666D1D14598F00EC4BF7 /* CoreFoundation.framework in Frameworks */,
				0961666B1D14598000EC4BF7 /* CFNetwork.framework in Frameworks */,
				096166691D14593500EC4BF7 /* jpush-ios-2.1.7.a in Frameworks */,
			);
			runOnlyForDeploymentPostprocessing = 0;
		};
/* End PBXFrameworksBuildPhase section */

/* Begin PBXGroup section */
		092235801D12A32800272D80 /* CallBack(提示) */ = {
			isa = PBXGroup;
			children = (
				092235811D12A32800272D80 /* LHEditTextView.h */,
				092235821D12A32800272D80 /* LHEditTextView.m */,
				092235831D12A32800272D80 /* LHTopTextView.h */,
				092235841D12A32800272D80 /* LHTopTextView.m */,
			);
			path = "CallBack(提示)";
			sourceTree = "<group>";
		};
		0931BEB81CFA9858006F0093 /* Controller */ = {
			isa = PBXGroup;
			children = (
				0931BEC61CFAC1F5006F0093 /* DayTableViewController.h */,
				099B0B1F1CFB167A0029222D /* MoreViewController.h */,
				099B0B201CFB167A0029222D /* MoreViewController.m */,
				0931BEC71CFAC1F5006F0093 /* DayTableViewController.m */,
				09C740F41CFC6E55002B9A77 /* SelectViewController.h */,
				09C740F51CFC6E55002B9A77 /* SelectViewController.m */,
				097421D91D09D1BC0001884D /* DayDetailTableViewController.h */,
				0922C4971D0B2796000B58BF /* UserTableViewController.h */,
				0922C4981D0B2796000B58BF /* UserTableViewController.m */,
				097421DA1D09D1BC0001884D /* DayDetailTableViewController.m */,
				09DB3EA41D0FDF1B001D527B /* MessageTableViewController.h */,
				0940A2261D1CF466003F3371 /* DateTableViewController.h */,
				0940A2271D1CF466003F3371 /* DateTableViewController.m */,
				0940A23E1D1D1534003F3371 /* DateDetailTableViewController.h */,
				0940A23F1D1D1534003F3371 /* DateDetailTableViewController.m */,
				0940A2461D1D3B9D003F3371 /* DateMoreTableViewController.h */,
				0940A2471D1D3B9D003F3371 /* DateMoreTableViewController.m */,
				0940A23B1D1D151A003F3371 /* DateSelectViewController.h */,
				0940A23C1D1D151A003F3371 /* DateSelectViewController.m */,
				09DB3EA51D0FDF1B001D527B /* MessageTableViewController.m */,
				09D5D05E1D119EFF0089E732 /* MessageDetailTableViewController.h */,
				09D5D05F1D119EFF0089E732 /* MessageDetailTableViewController.m */,
				09D5D0611D11B4100089E732 /* MessageSelectViewController.h */,
				09D5D0621D11B4100089E732 /* MessageSelectViewController.m */,
			);
			name = Controller;
			sourceTree = "<group>";
		};
		0931BEB91CFA9862006F0093 /* View */ = {
			isa = PBXGroup;
			children = (
				0931BEC91CFACCF1006F0093 /* SearchCell.xib */,
				09DB3EAA1D0FE3D9001D527B /* MessageCell.xib */,
				09DB3EAC1D0FE66A001D527B /* MessageTableViewCell.h */,
				0940A2301D1CF6C5003F3371 /* DateTableViewCell.h */,
				0940A2311D1CF6C5003F3371 /* DateTableViewCell.m */,
				0940A2321D1CF6C5003F3371 /* DateCell.xib */,
				09DB3EAD1D0FE66A001D527B /* MessageTableViewCell.m */,
				0940A2411D1D304A003F3371 /* DateDetailCell.h */,
				0940A2421D1D304A003F3371 /* DateDetailCell.m */,
				0940A2431D1D304A003F3371 /* DateDetailCell.xib */,
				0931BECA1CFACCF1006F0093 /* SearchCellTableViewCell.h */,
				0931BECB1CFACCF1006F0093 /* SearchCellTableViewCell.m */,
			);
			name = View;
			sourceTree = "<group>";
		};
		0931BEBA1CFA986C006F0093 /* Model */ = {
			isa = PBXGroup;
			children = (
				0931BEE51CFAE55F006F0093 /* WorkDataModel.h */,
				0931BEE61CFAE55F006F0093 /* WorkDataModel.m */,
				09DB3EA71D0FDF69001D527B /* MessageDataModel.h */,
				09DB3EA81D0FDF69001D527B /* MessageDataModel.m */,
				0940A2351D1CF90F003F3371 /* SubTable.h */,
				0940A2361D1CF90F003F3371 /* SubTable.m */,
				0940A2381D1CF96C003F3371 /* DateDataModel.h */,
				0940A2391D1CF96C003F3371 /* DateDataModel.m */,
			);
			name = Model;
			sourceTree = "<group>";
		};
		0931BECE1CFAD35A006F0093 /* AFNetworking */ = {
			isa = PBXGroup;
			children = (
				0931BECF1CFAD35A006F0093 /* AFHTTPSessionManager.h */,
				0931BED01CFAD35A006F0093 /* AFHTTPSessionManager.m */,
				0931BED11CFAD35A006F0093 /* AFNetworking.h */,
				0931BED21CFAD35A006F0093 /* AFNetworkReachabilityManager.h */,
				0931BED31CFAD35A006F0093 /* AFNetworkReachabilityManager.m */,
				0931BED41CFAD35A006F0093 /* AFSecurityPolicy.h */,
				0931BED51CFAD35A006F0093 /* AFSecurityPolicy.m */,
				0931BED61CFAD35A006F0093 /* AFURLRequestSerialization.h */,
				0931BED71CFAD35A006F0093 /* AFURLRequestSerialization.m */,
				0931BED81CFAD35A006F0093 /* AFURLResponseSerialization.h */,
				0931BED91CFAD35A006F0093 /* AFURLResponseSerialization.m */,
				0931BEDA1CFAD35A006F0093 /* AFURLSessionManager.h */,
				0931BEDB1CFAD35A006F0093 /* AFURLSessionManager.m */,
			);
			path = AFNetworking;
			sourceTree = "<group>";
		};
		0931BEEA1CFAF97F006F0093 /* MDProgress */ = {
			isa = PBXGroup;
			children = (
				0931BEEB1CFAF9EC006F0093 /* MDRadialProgressLabel.h */,
				0931BEEC1CFAF9EC006F0093 /* MDRadialProgressLabel.m */,
				0931BEED1CFAF9EC006F0093 /* MDRadialProgressTheme.h */,
				0931BEEE1CFAF9EC006F0093 /* MDRadialProgressTheme.m */,
				0931BEEF1CFAF9EC006F0093 /* MDRadialProgressView.h */,
				0931BEF01CFAF9EC006F0093 /* MDRadialProgressView.m */,
			);
			path = MDProgress;
			sourceTree = "<group>";
		};
		096166661D14593500EC4BF7 /* JPush */ = {
			isa = PBXGroup;
			children = (
				096166671D14593500EC4BF7 /* jpush-ios-2.1.7.a */,
				096166681D14593500EC4BF7 /* JPUSHService.h */,
			);
			path = JPush;
			sourceTree = "<group>";
		};
		0961667D1D147E2700EC4BF7 /* MBProgressHUD */ = {
			isa = PBXGroup;
			children = (
				0961667E1D147E2700EC4BF7 /* MBProgressHUD.h */,
				0961667F1D147E2700EC4BF7 /* MBProgressHUD.m */,
			);
			path = MBProgressHUD;
			sourceTree = "<group>";
		};
		099AB00B1D158F3100885DEE /* SDRefresh */ = {
			isa = PBXGroup;
			children = (
				099AB00C1D158F3100885DEE /* sdRefeshView_arrow@2x.png */,
				099AB00D1D158F3100885DEE /* SDRefresh.h */,
				099AB00E1D158F3100885DEE /* SDRefreshFooterView.h */,
				099AB00F1D158F3100885DEE /* SDRefreshFooterView.m */,
				099AB0101D158F3100885DEE /* SDRefreshHeaderView.h */,
				099AB0111D158F3100885DEE /* SDRefreshHeaderView.m */,
				099AB0121D158F3100885DEE /* SDRefreshView.h */,
				099AB0131D158F3100885DEE /* SDRefreshView.m */,
				099AB0141D158F3100885DEE /* UIView+SDExtension.h */,
				099AB0151D158F3100885DEE /* UIView+SDExtension.m */,
			);
			path = SDRefresh;
			sourceTree = "<group>";
		};
		09C740D41CFC6DE3002B9A77 /* Area(地区) */ = {
			isa = PBXGroup;
			children = (
				09C740D61CFC6DE3002B9A77 /* STPickerArea.h */,
				09C740D71CFC6DE3002B9A77 /* STPickerArea.m */,
			);
			path = "Area(地区)";
			sourceTree = "<group>";
		};
		09C740E01CFC6DE3002B9A77 /* STConfig */ = {
			isa = PBXGroup;
			children = (
				09C740E11CFC6DE3002B9A77 /* STConfig.h */,
				09C740E21CFC6DE3002B9A77 /* STConst.h */,
				09C740E31CFC6DE3002B9A77 /* STConst.m */,
				09C740E41CFC6DE3002B9A77 /* STUI.h */,
				09C740E51CFC6DE3002B9A77 /* STUI.m */,
				09C740E61CFC6DE3002B9A77 /* UIView+ST.h */,
				09C740E71CFC6DE3002B9A77 /* UIView+ST.m */,
			);
			path = STConfig;
			sourceTree = "<group>";
		};
		09C740E81CFC6DE3002B9A77 /* STPickerView */ = {
			isa = PBXGroup;
			children = (
				09C740E91CFC6DE3002B9A77 /* STPickerView.h */,
				09C740EA1CFC6DE3002B9A77 /* STPickerView.m */,
			);
			path = STPickerView;
			sourceTree = "<group>";
		};
		09CDF2711CF986C800DCE40C /* Model */ = {
			isa = PBXGroup;
			children = (
			);
			name = Model;
			sourceTree = "<group>";
		};
		09CDF2721CF986DF00DCE40C /* View */ = {
			isa = PBXGroup;
			children = (
			);
			name = View;
			sourceTree = "<group>";
		};
		09CDF2731CF986E800DCE40C /* Controller */ = {
			isa = PBXGroup;
			children = (
				091554921D097A9C00C793AE /* LoginViewController.h */,
				091554931D097A9C00C793AE /* LoginViewController.m */,
			);
			name = Controller;
			sourceTree = "<group>";
		};
		09F0AB471CF9470E005F17D2 = {
			isa = PBXGroup;
			children = (
				0961667A1D1459FE00EC4BF7 /* libz.tbd */,
				096166781D1459EF00EC4BF7 /* Security.framework */,
				096166761D1459E200EC4BF7 /* UIKit.framework */,
				096166741D1459CC00EC4BF7 /* Foundation.framework */,
				096166721D1459BE00EC4BF7 /* CoreGraphics.framework */,
				096166701D1459AE00EC4BF7 /* SystemConfiguration.framework */,
				0961666E1D14599E00EC4BF7 /* CoreTelephony.framework */,
				0961666C1D14598F00EC4BF7 /* CoreFoundation.framework */,
				0961666A1D14598000EC4BF7 /* CFNetwork.framework */,
				09F0AB521CF9470E005F17D2 /* Fuzhou */,
				09F0AB511CF9470E005F17D2 /* Products */,
			);
			sourceTree = "<group>";
		};
		09F0AB511CF9470E005F17D2 /* Products */ = {
			isa = PBXGroup;
			children = (
				09F0AB501CF9470E005F17D2 /* Fuzhou.app */,
			);
			name = Products;
			sourceTree = "<group>";
		};
		09F0AB521CF9470E005F17D2 /* Fuzhou */ = {
			isa = PBXGroup;
			children = (
				09F0AB731CF9499E005F17D2 /* Class */,
				09F0AB5F1CF9470E005F17D2 /* Assets.xcassets */,
				09F0AB611CF9470E005F17D2 /* LaunchScreen.storyboard */,
				09F0AB641CF9470E005F17D2 /* Info.plist */,
				0931BEF61CFAFC4A006F0093 /* MDRadialProgress-Prefix.pch */,
				09F0AB531CF9470E005F17D2 /* Supporting Files */,
			);
			path = Fuzhou;
			sourceTree = "<group>";
		};
		09F0AB531CF9470E005F17D2 /* Supporting Files */ = {
			isa = PBXGroup;
			children = (
				0961667C1D145A6D00EC4BF7 /* sound.caf */,
				09F0AB541CF9470E005F17D2 /* main.m */,
			);
			name = "Supporting Files";
			sourceTree = "<group>";
		};
		09F0AB731CF9499E005F17D2 /* Class */ = {
			isa = PBXGroup;
			children = (
				09F0AB7C1CF969A2005F17D2 /* Common */,
				09F0AB741CF9499E005F17D2 /* Lib */,
				09F0AB751CF9499E005F17D2 /* Login */,
				09F0AB761CF9499E005F17D2 /* Main */,
				09F0AB771CF9499E005F17D2 /* Other */,
				09F0AB781CF9499E005F17D2 /* Tool */,
			);
			path = Class;
			sourceTree = "<group>";
		};
		09F0AB741CF9499E005F17D2 /* Lib */ = {
			isa = PBXGroup;
			children = (
				099AB00B1D158F3100885DEE /* SDRefresh */,
				099FA08A1D15050100B7E435 /* NSString+Hash.h */,
				099FA08B1D15050100B7E435 /* NSString+Hash.m */,
				0961667D1D147E2700EC4BF7 /* MBProgressHUD */,
				096166661D14593500EC4BF7 /* JPush */,
				0931BEEA1CFAF97F006F0093 /* MDProgress */,
				0931BECE1CFAD35A006F0093 /* AFNetworking */,
			);
			path = Lib;
			sourceTree = "<group>";
		};
		09F0AB751CF9499E005F17D2 /* Login */ = {
			isa = PBXGroup;
			children = (
				09CDF2731CF986E800DCE40C /* Controller */,
				09CDF2721CF986DF00DCE40C /* View */,
				09CDF2711CF986C800DCE40C /* Model */,
				09CDF26F1CF9864200DCE40C /* Login.storyboard */,
			);
			path = Login;
			sourceTree = "<group>";
		};
		09F0AB761CF9499E005F17D2 /* Main */ = {
			isa = PBXGroup;
			children = (
				0931BEBA1CFA986C006F0093 /* Model */,
				0931BEB91CFA9862006F0093 /* View */,
				0931BEB81CFA9858006F0093 /* Controller */,
				09F0AB5C1CF9470E005F17D2 /* Main.storyboard */,
			);
			path = Main;
			sourceTree = "<group>";
		};
		09F0AB771CF9499E005F17D2 /* Other */ = {
			isa = PBXGroup;
			children = (
				09F0AB561CF9470E005F17D2 /* AppDelegate.h */,
				09F0AB571CF9470E005F17D2 /* AppDelegate.m */,
				0915217B1D17BCD800D58AC6 /* View.xib */,
			);
			path = Other;
			sourceTree = "<group>";
		};
		09F0AB781CF9499E005F17D2 /* Tool */ = {
			isa = PBXGroup;
			children = (
				092235801D12A32800272D80 /* CallBack(提示) */,
				09C740D41CFC6DE3002B9A77 /* Area(地区) */,
				09C740E01CFC6DE3002B9A77 /* STConfig */,
				09C740E81CFC6DE3002B9A77 /* STPickerView */,
				09C740D11CFC6134002B9A77 /* cbsNetWork.h */,
				09C740D21CFC6134002B9A77 /* cbsNetWork.m */,
			);
			path = Tool;
			sourceTree = "<group>";
		};
		09F0AB7C1CF969A2005F17D2 /* Common */ = {
			isa = PBXGroup;
			children = (
				09F0AB7D1CF969A2005F17D2 /* NavigationController.h */,
				09F0AB7E1CF969A2005F17D2 /* NavigationController.m */,
				09F0AB7F1CF969A2005F17D2 /* Singleton.h */,
				09F0AB801CF969A2005F17D2 /* UserInfo.h */,
				09F0AB811CF969A2005F17D2 /* UserInfo.m */,
			);
			path = Common;
			sourceTree = "<group>";
		};
/* End PBXGroup section */

/* Begin PBXNativeTarget section */
		09F0AB4F1CF9470E005F17D2 /* Fuzhou */ = {
			isa = PBXNativeTarget;
			buildConfigurationList = 09F0AB671CF9470E005F17D2 /* Build configuration list for PBXNativeTarget "Fuzhou" */;
			buildPhases = (
				09F0AB4C1CF9470E005F17D2 /* Sources */,
				09F0AB4D1CF9470E005F17D2 /* Frameworks */,
				09F0AB4E1CF9470E005F17D2 /* Resources */,
			);
			buildRules = (
			);
			dependencies = (
			);
			name = Fuzhou;
			productName = Fuzhou;
			productReference = 09F0AB501CF9470E005F17D2 /* Fuzhou.app */;
			productType = "com.apple.product-type.application";
		};
/* End PBXNativeTarget section */

/* Begin PBXProject section */
		09F0AB481CF9470E005F17D2 /* Project object */ = {
			isa = PBXProject;
			attributes = {
				LastUpgradeCheck = 0810;
				ORGANIZATIONNAME = "韩江鹏";
				TargetAttributes = {
					09F0AB4F1CF9470E005F17D2 = {
						CreatedOnToolsVersion = 7.3.1;
						DevelopmentTeam = 7V5D8C986U;
						ProvisioningStyle = Automatic;
						SystemCapabilities = {
							com.apple.Push = {
								enabled = 1;
							};
						};
					};
				};
			};
			buildConfigurationList = 09F0AB4B1CF9470E005F17D2 /* Build configuration list for PBXProject "Fuzhou" */;
			compatibilityVersion = "Xcode 3.2";
			developmentRegion = English;
			hasScannedForEncodings = 0;
			knownRegions = (
				en,
				Base,
			);
			mainGroup = 09F0AB471CF9470E005F17D2;
			productRefGroup = 09F0AB511CF9470E005F17D2 /* Products */;
			projectDirPath = "";
			projectRoot = "";
			targets = (
				09F0AB4F1CF9470E005F17D2 /* Fuzhou */,
			);
		};
/* End PBXProject section */

/* Begin PBXResourcesBuildPhase section */
		09F0AB4E1CF9470E005F17D2 /* Resources */ = {
			isa = PBXResourcesBuildPhase;
			buildActionMask = 2147483647;
			files = (
				099AB0161D158F3100885DEE /* sdRefeshView_arrow@2x.png in Resources */,
				0931BECC1CFACCF1006F0093 /* SearchCell.xib in Resources */,
				0940A2451D1D304A003F3371 /* DateDetailCell.xib in Resources */,
				09CDF2701CF9864200DCE40C /* Login.storyboard in Resources */,
				09F0AB631CF9470E005F17D2 /* LaunchScreen.storyboard in Resources */,
				0915217C1D17BCD800D58AC6 /* View.xib in Resources */,
				09DB3EAB1D0FE3D9001D527B /* MessageCell.xib in Resources */,
				09F0AB601CF9470E005F17D2 /* Assets.xcassets in Resources */,
				0940A2341D1CF6C5003F3371 /* DateCell.xib in Resources */,
				09F0AB5E1CF9470E005F17D2 /* Main.storyboard in Resources */,
			);
			runOnlyForDeploymentPostprocessing = 0;
		};
/* End PBXResourcesBuildPhase section */

/* Begin PBXSourcesBuildPhase section */
		09F0AB4C1CF9470E005F17D2 /* Sources */ = {
			isa = PBXSourcesBuildPhase;
			buildActionMask = 2147483647;
			files = (
				0940A2281D1CF466003F3371 /* DateTableViewController.m in Sources */,
				0931BEE71CFAE55F006F0093 /* WorkDataModel.m in Sources */,
				099AB0181D158F3100885DEE /* SDRefreshHeaderView.m in Sources */,
				0940A23A1D1CF96C003F3371 /* DateDataModel.m in Sources */,
				0931BEC81CFAC1F5006F0093 /* DayTableViewController.m in Sources */,
				0940A2371D1CF90F003F3371 /* SubTable.m in Sources */,
				0931BEDE1CFAD35A006F0093 /* AFSecurityPolicy.m in Sources */,
				09F0AB841CF969A2005F17D2 /* NavigationController.m in Sources */,
				09C740F01CFC6DE3002B9A77 /* STConst.m in Sources */,
				099FA08C1D15050100B7E435 /* NSString+Hash.m in Sources */,
				09F0AB581CF9470E005F17D2 /* AppDelegate.m in Sources */,
				0931BEE01CFAD35A006F0093 /* AFURLResponseSerialization.m in Sources */,
				09F0AB851CF969A2005F17D2 /* UserInfo.m in Sources */,
				092235851D12A32800272D80 /* LHEditTextView.m in Sources */,
				099AB01A1D158F3100885DEE /* UIView+SDExtension.m in Sources */,
				0940A2331D1CF6C5003F3371 /* DateTableViewCell.m in Sources */,
				0940A2481D1D3B9D003F3371 /* DateMoreTableViewController.m in Sources */,
				099AB0171D158F3100885DEE /* SDRefreshFooterView.m in Sources */,
				099AB0191D158F3100885DEE /* SDRefreshView.m in Sources */,
				0931BEF21CFAF9EC006F0093 /* MDRadialProgressTheme.m in Sources */,
				09C740F21CFC6DE3002B9A77 /* UIView+ST.m in Sources */,
				09F0AB551CF9470E005F17D2 /* main.m in Sources */,
				0940A2441D1D304A003F3371 /* DateDetailCell.m in Sources */,
				097421DB1D09D1BC0001884D /* DayDetailTableViewController.m in Sources */,
				092235861D12A32800272D80 /* LHTopTextView.m in Sources */,
				09C740F11CFC6DE3002B9A77 /* STUI.m in Sources */,
				09D5D0601D119EFF0089E732 /* MessageDetailTableViewController.m in Sources */,
				09C740EC1CFC6DE3002B9A77 /* STPickerArea.m in Sources */,
				0940A23D1D1D151A003F3371 /* DateSelectViewController.m in Sources */,
				09C740F61CFC6E55002B9A77 /* SelectViewController.m in Sources */,
				0940A2401D1D1534003F3371 /* DateDetailTableViewController.m in Sources */,
				09C740F31CFC6DE3002B9A77 /* STPickerView.m in Sources */,
				0922C4991D0B2796000B58BF /* UserTableViewController.m in Sources */,
				0931BEDC1CFAD35A006F0093 /* AFHTTPSessionManager.m in Sources */,
				0931BEDF1CFAD35A006F0093 /* AFURLRequestSerialization.m in Sources */,
				0931BEE11CFAD35A006F0093 /* AFURLSessionManager.m in Sources */,
				099B0B211CFB167A0029222D /* MoreViewController.m in Sources */,
				0931BEF11CFAF9EC006F0093 /* MDRadialProgressLabel.m in Sources */,
				09C740D31CFC6134002B9A77 /* cbsNetWork.m in Sources */,
				09DB3EAE1D0FE66A001D527B /* MessageTableViewCell.m in Sources */,
				09DB3EA91D0FDF69001D527B /* MessageDataModel.m in Sources */,
				09DB3EA61D0FDF1B001D527B /* MessageTableViewController.m in Sources */,
				0931BEF31CFAF9EC006F0093 /* MDRadialProgressView.m in Sources */,
				096166801D147E2700EC4BF7 /* MBProgressHUD.m in Sources */,
				09D5D0631D11B4100089E732 /* MessageSelectViewController.m in Sources */,
				0931BEDD1CFAD35A006F0093 /* AFNetworkReachabilityManager.m in Sources */,
				0931BECD1CFACCF1006F0093 /* SearchCellTableViewCell.m in Sources */,
				091554941D097A9C00C793AE /* LoginViewController.m in Sources */,
			);
			runOnlyForDeploymentPostprocessing = 0;
		};
/* End PBXSourcesBuildPhase section */

/* Begin PBXVariantGroup section */
		09F0AB5C1CF9470E005F17D2 /* Main.storyboard */ = {
			isa = PBXVariantGroup;
			children = (
				09F0AB5D1CF9470E005F17D2 /* Base */,
				099AB01B1D159B9F00885DEE /* zh-Hans */,
			);
			name = Main.storyboard;
			path = ../..;
			sourceTree = "<group>";
		};
		09F0AB611CF9470E005F17D2 /* LaunchScreen.storyboard */ = {
			isa = PBXVariantGroup;
			children = (
				09F0AB621CF9470E005F17D2 /* Base */,
				099AB01C1D159B9F00885DEE /* zh-Hans */,
			);
			name = LaunchScreen.storyboard;
			sourceTree = "<group>";
		};
/* End PBXVariantGroup section */

/* Begin XCBuildConfiguration section */
		09F0AB651CF9470E005F17D2 /* Debug */ = {
			isa = XCBuildConfiguration;
			buildSettings = {
				ALWAYS_SEARCH_USER_PATHS = NO;
				CLANG_ANALYZER_LOCALIZABILITY_NONLOCALIZED = YES;
				CLANG_ANALYZER_NONNULL = YES;
				CLANG_CXX_LANGUAGE_STANDARD = "gnu++0x";
				CLANG_CXX_LIBRARY = "libc++";
				CLANG_ENABLE_MODULES = YES;
				CLANG_ENABLE_OBJC_ARC = YES;
				CLANG_WARN_BOOL_CONVERSION = YES;
				CLANG_WARN_CONSTANT_CONVERSION = YES;
				CLANG_WARN_DIRECT_OBJC_ISA_USAGE = YES_ERROR;
				CLANG_WARN_EMPTY_BODY = YES;
				CLANG_WARN_ENUM_CONVERSION = YES;
				CLANG_WARN_INFINITE_RECURSION = YES;
				CLANG_WARN_INT_CONVERSION = YES;
				CLANG_WARN_OBJC_ROOT_CLASS = YES_ERROR;
				CLANG_WARN_SUSPICIOUS_MOVE = YES;
				CLANG_WARN_UNREACHABLE_CODE = YES;
				CLANG_WARN__DUPLICATE_METHOD_MATCH = YES;
				"CODE_SIGN_IDENTITY[sdk=iphoneos*]" = "iPhone Developer";
				COPY_PHASE_STRIP = NO;
				DEBUG_INFORMATION_FORMAT = dwarf;
				ENABLE_STRICT_OBJC_MSGSEND = YES;
				ENABLE_TESTABILITY = YES;
				GCC_C_LANGUAGE_STANDARD = gnu99;
				GCC_DYNAMIC_NO_PIC = NO;
				GCC_NO_COMMON_BLOCKS = YES;
				GCC_OPTIMIZATION_LEVEL = 0;
				GCC_PREPROCESSOR_DEFINITIONS = (
					"DEBUG=1",
					"$(inherited)",
				);
				GCC_WARN_64_TO_32_BIT_CONVERSION = YES;
				GCC_WARN_ABOUT_RETURN_TYPE = YES_ERROR;
				GCC_WARN_UNDECLARED_SELECTOR = YES;
				GCC_WARN_UNINITIALIZED_AUTOS = YES_AGGRESSIVE;
				GCC_WARN_UNUSED_FUNCTION = YES;
				GCC_WARN_UNUSED_VARIABLE = YES;
				IPHONEOS_DEPLOYMENT_TARGET = 9.3;
				MTL_ENABLE_DEBUG_INFO = YES;
				ONLY_ACTIVE_ARCH = YES;
				SDKROOT = iphoneos;
			};
			name = Debug;
		};
		09F0AB661CF9470E005F17D2 /* Release */ = {
			isa = XCBuildConfiguration;
			buildSettings = {
				ALWAYS_SEARCH_USER_PATHS = NO;
				CLANG_ANALYZER_LOCALIZABILITY_NONLOCALIZED = YES;
				CLANG_ANALYZER_NONNULL = YES;
				CLANG_CXX_LANGUAGE_STANDARD = "gnu++0x";
				CLANG_CXX_LIBRARY = "libc++";
				CLANG_ENABLE_MODULES = YES;
				CLANG_ENABLE_OBJC_ARC = YES;
				CLANG_WARN_BOOL_CONVERSION = YES;
				CLANG_WARN_CONSTANT_CONVERSION = YES;
				CLANG_WARN_DIRECT_OBJC_ISA_USAGE = YES_ERROR;
				CLANG_WARN_EMPTY_BODY = YES;
				CLANG_WARN_ENUM_CONVERSION = YES;
				CLANG_WARN_INFINITE_RECURSION = YES;
				CLANG_WARN_INT_CONVERSION = YES;
				CLANG_WARN_OBJC_ROOT_CLASS = YES_ERROR;
				CLANG_WARN_SUSPICIOUS_MOVE = YES;
				CLANG_WARN_UNREACHABLE_CODE = YES;
				CLANG_WARN__DUPLICATE_METHOD_MATCH = YES;
				"CODE_SIGN_IDENTITY[sdk=iphoneos*]" = "iPhone Developer";
				COPY_PHASE_STRIP = NO;
				DEBUG_INFORMATION_FORMAT = "dwarf-with-dsym";
				ENABLE_NS_ASSERTIONS = NO;
				ENABLE_STRICT_OBJC_MSGSEND = YES;
				GCC_C_LANGUAGE_STANDARD = gnu99;
				GCC_NO_COMMON_BLOCKS = YES;
				GCC_WARN_64_TO_32_BIT_CONVERSION = YES;
				GCC_WARN_ABOUT_RETURN_TYPE = YES_ERROR;
				GCC_WARN_UNDECLARED_SELECTOR = YES;
				GCC_WARN_UNINITIALIZED_AUTOS = YES_AGGRESSIVE;
				GCC_WARN_UNUSED_FUNCTION = YES;
				GCC_WARN_UNUSED_VARIABLE = YES;
				IPHONEOS_DEPLOYMENT_TARGET = 9.3;
				MTL_ENABLE_DEBUG_INFO = NO;
				SDKROOT = iphoneos;
				VALIDATE_PRODUCT = YES;
			};
			name = Release;
		};
		09F0AB681CF9470E005F17D2 /* Debug */ = {
			isa = XCBuildConfiguration;
			buildSettings = {
				ASSETCATALOG_COMPILER_APPICON_NAME = AppIcon;
				CODE_SIGN_IDENTITY = "iPhone Developer";
				"CODE_SIGN_IDENTITY[sdk=iphoneos*]" = "iPhone Developer";
				DEVELOPMENT_TEAM = 7V5D8C986U;
				INFOPLIST_FILE = Fuzhou/Info.plist;
				IPHONEOS_DEPLOYMENT_TARGET = 9.3;
				LD_RUNPATH_SEARCH_PATHS = "$(inherited) @executable_path/Frameworks";
				LIBRARY_SEARCH_PATHS = (
					"$(inherited)",
					"$(PROJECT_DIR)/Fuzhou/Class/Lib/JPush",
				);
				PRODUCT_BUNDLE_IDENTIFIER = com.j.FuzhouSy;
				PRODUCT_NAME = "$(TARGET_NAME)";
				PROVISIONING_PROFILE = "";
			};
			name = Debug;
		};
		09F0AB691CF9470E005F17D2 /* Release */ = {
			isa = XCBuildConfiguration;
			buildSettings = {
				ASSETCATALOG_COMPILER_APPICON_NAME = AppIcon;
				CODE_SIGN_IDENTITY = "iPhone Developer";
				"CODE_SIGN_IDENTITY[sdk=iphoneos*]" = "iPhone Developer";
				DEVELOPMENT_TEAM = 7V5D8C986U;
				INFOPLIST_FILE = Fuzhou/Info.plist;
				IPHONEOS_DEPLOYMENT_TARGET = 9.3;
				LD_RUNPATH_SEARCH_PATHS = "$(inherited) @executable_path/Frameworks";
				LIBRARY_SEARCH_PATHS = (
					"$(inherited)",
					"$(PROJECT_DIR)/Fuzhou/Class/Lib/JPush",
				);
				PRODUCT_BUNDLE_IDENTIFIER = com.j.FuzhouSy;
				PRODUCT_NAME = "$(TARGET_NAME)";
				PROVISIONING_PROFILE = "";
			};
			name = Release;
		};
/* End XCBuildConfiguration section */

/* Begin XCConfigurationList section */
		09F0AB4B1CF9470E005F17D2 /* Build configuration list for PBXProject "Fuzhou" */ = {
			isa = XCConfigurationList;
			buildConfigurations = (
				09F0AB651CF9470E005F17D2 /* Debug */,
				09F0AB661CF9470E005F17D2 /* Release */,
			);
			defaultConfigurationIsVisible = 0;
			defaultConfigurationName = Release;
		};
		09F0AB671CF9470E005F17D2 /* Build configuration list for PBXNativeTarget "Fuzhou" */ = {
			isa = XCConfigurationList;
			buildConfigurations = (
				09F0AB681CF9470E005F17D2 /* Debug */,
				09F0AB691CF9470E005F17D2 /* Release */,
			);
			defaultConfigurationIsVisible = 0;
			defaultConfigurationName = Release;
		};
/* End XCConfigurationList section */
	};
	rootObject = 09F0AB481CF9470E005F17D2 /* Project object */;
}
